// !$*UTF8*$!
{
	archiveVersion = 1;
	classes = {
	};
	objectVersion = 50;
	objects = {

/* Begin PBXBuildFile section */
		2506B74822EDB567005F536E /* DogDataSource.swift in Sources */ = {isa = PBXBuildFile; fileRef = 2506B74722EDB567005F536E /* DogDataSource.swift */; };
		2506B74A22EDB979005F536E /* DynamicValue.swift in Sources */ = {isa = PBXBuildFile; fileRef = 2506B74922EDB979005F536E /* DynamicValue.swift */; };
		2506B74D22EDC111005F536E /* ErrorResult.swift in Sources */ = {isa = PBXBuildFile; fileRef = 2506B74C22EDC111005F536E /* ErrorResult.swift */; };
		2506B74F22EDC136005F536E /* Result.swift in Sources */ = {isa = PBXBuildFile; fileRef = 2506B74E22EDC136005F536E /* Result.swift */; };
		251E2CBF22E3CE530096FD22 /* AppDelegate.swift in Sources */ = {isa = PBXBuildFile; fileRef = 251E2CBE22E3CE530096FD22 /* AppDelegate.swift */; };
		251E2CC122E3CE530096FD22 /* ViewControllerHome.swift in Sources */ = {isa = PBXBuildFile; fileRef = 251E2CC022E3CE530096FD22 /* ViewControllerHome.swift */; };
		251E2CC422E3CE530096FD22 /* Main.storyboard in Resources */ = {isa = PBXBuildFile; fileRef = 251E2CC222E3CE530096FD22 /* Main.storyboard */; };
		251E2CC622E3CE530096FD22 /* Assets.xcassets in Resources */ = {isa = PBXBuildFile; fileRef = 251E2CC522E3CE530096FD22 /* Assets.xcassets */; };
		251E2CC922E3CE530096FD22 /* LaunchScreen.storyboard in Resources */ = {isa = PBXBuildFile; fileRef = 251E2CC722E3CE530096FD22 /* LaunchScreen.storyboard */; };
		251E2CD422E3CE530096FD22 /* DogAppTests.swift in Sources */ = {isa = PBXBuildFile; fileRef = 251E2CD322E3CE530096FD22 /* DogAppTests.swift */; };
		251E2CDF22E3CE530096FD22 /* DogAppUITests.swift in Sources */ = {isa = PBXBuildFile; fileRef = 251E2CDE22E3CE530096FD22 /* DogAppUITests.swift */; };
		251E2CF422E3E41D0096FD22 /* ViewControllerHome_UITableViewDelegate.swift in Sources */ = {isa = PBXBuildFile; fileRef = 251E2CF322E3E41D0096FD22 /* ViewControllerHome_UITableViewDelegate.swift */; };
		251E2CF822E3E67D0096FD22 /* DogViewModel.swift in Sources */ = {isa = PBXBuildFile; fileRef = 251E2CF722E3E67D0096FD22 /* DogViewModel.swift */; };
		251E2CFA22E3E6EB0096FD22 /* Converter.swift in Sources */ = {isa = PBXBuildFile; fileRef = 251E2CF922E3E6EB0096FD22 /* Converter.swift */; };
		251E2CFC22E3E6F80096FD22 /* Dog.swift in Sources */ = {isa = PBXBuildFile; fileRef = 251E2CFB22E3E6F80096FD22 /* Dog.swift */; };
		251E2CFF22E414F20096FD22 /* AppConstant.swift in Sources */ = {isa = PBXBuildFile; fileRef = 251E2CFE22E414F20096FD22 /* AppConstant.swift */; };
		251E2D0522E41D770096FD22 /* BaseService.swift in Sources */ = {isa = PBXBuildFile; fileRef = 251E2D0422E41D770096FD22 /* BaseService.swift */; };
		251E2D0722E41DAD0096FD22 /* EndPoints.swift in Sources */ = {isa = PBXBuildFile; fileRef = 251E2D0622E41DAD0096FD22 /* EndPoints.swift */; };
		251E2D0A22E46D0D0096FD22 /* DogService.swift in Sources */ = {isa = PBXBuildFile; fileRef = 251E2D0922E46D0D0096FD22 /* DogService.swift */; };
		251E2D0C22E46FAA0096FD22 /* BaseViewModel.swift in Sources */ = {isa = PBXBuildFile; fileRef = 251E2D0B22E46FAA0096FD22 /* BaseViewModel.swift */; };
		25424D2422E4F0E70010FBB6 /* DogCell.swift in Sources */ = {isa = PBXBuildFile; fileRef = 25424D2322E4F0E70010FBB6 /* DogCell.swift */; };
		25424D2622E503CC0010FBB6 /* ViewControllerHome_UIScrollViewDelegate.swift in Sources */ = {isa = PBXBuildFile; fileRef = 25424D2522E503CC0010FBB6 /* ViewControllerHome_UIScrollViewDelegate.swift */; };
		25424D2922E5C63F0010FBB6 /* DetailViewController.swift in Sources */ = {isa = PBXBuildFile; fileRef = 25424D2822E5C63F0010FBB6 /* DetailViewController.swift */; };
/* End PBXBuildFile section */

/* Begin PBXContainerItemProxy section */
		251E2CD022E3CE530096FD22 /* PBXContainerItemProxy */ = {
			isa = PBXContainerItemProxy;
			containerPortal = 251E2CB322E3CE530096FD22 /* Project object */;
			proxyType = 1;
			remoteGlobalIDString = 251E2CBA22E3CE530096FD22;
			remoteInfo = CheckinList1;
		};
		251E2CDB22E3CE530096FD22 /* PBXContainerItemProxy */ = {
			isa = PBXContainerItemProxy;
			containerPortal = 251E2CB322E3CE530096FD22 /* Project object */;
			proxyType = 1;
			remoteGlobalIDString = 251E2CBA22E3CE530096FD22;
			remoteInfo = CheckinList1;
		};
/* End PBXContainerItemProxy section */

/* Begin PBXFileReference section */
		2506B74722EDB567005F536E /* DogDataSource.swift */ = {isa = PBXFileReference; lastKnownFileType = sourcecode.swift; path = DogDataSource.swift; sourceTree = "<group>"; };
		2506B74922EDB979005F536E /* DynamicValue.swift */ = {isa = PBXFileReference; lastKnownFileType = sourcecode.swift; path = DynamicValue.swift; sourceTree = "<group>"; };
		2506B74C22EDC111005F536E /* ErrorResult.swift */ = {isa = PBXFileReference; lastKnownFileType = sourcecode.swift; path = ErrorResult.swift; sourceTree = "<group>"; };
		2506B74E22EDC136005F536E /* Result.swift */ = {isa = PBXFileReference; lastKnownFileType = sourcecode.swift; path = Result.swift; sourceTree = "<group>"; };
		251E2CBB22E3CE530096FD22 /* DogApp.app */ = {isa = PBXFileReference; explicitFileType = wrapper.application; includeInIndex = 0; path = DogApp.app; sourceTree = BUILT_PRODUCTS_DIR; };
		251E2CBE22E3CE530096FD22 /* AppDelegate.swift */ = {isa = PBXFileReference; lastKnownFileType = sourcecode.swift; path = AppDelegate.swift; sourceTree = "<group>"; };
		251E2CC022E3CE530096FD22 /* ViewControllerHome.swift */ = {isa = PBXFileReference; lastKnownFileType = sourcecode.swift; path = ViewControllerHome.swift; sourceTree = "<group>"; };
		251E2CC322E3CE530096FD22 /* Base */ = {isa = PBXFileReference; lastKnownFileType = file.storyboard; name = Base; path = Base.lproj/Main.storyboard; sourceTree = "<group>"; };
		251E2CC522E3CE530096FD22 /* Assets.xcassets */ = {isa = PBXFileReference; lastKnownFileType = folder.assetcatalog; path = Assets.xcassets; sourceTree = "<group>"; };
		251E2CC822E3CE530096FD22 /* Base */ = {isa = PBXFileReference; lastKnownFileType = file.storyboard; name = Base; path = Base.lproj/LaunchScreen.storyboard; sourceTree = "<group>"; };
		251E2CCA22E3CE530096FD22 /* Info.plist */ = {isa = PBXFileReference; lastKnownFileType = text.plist.xml; path = Info.plist; sourceTree = "<group>"; };
		251E2CCF22E3CE530096FD22 /* DogAppTests.xctest */ = {isa = PBXFileReference; explicitFileType = wrapper.cfbundle; includeInIndex = 0; path = DogAppTests.xctest; sourceTree = BUILT_PRODUCTS_DIR; };
		251E2CD322E3CE530096FD22 /* DogAppTests.swift */ = {isa = PBXFileReference; lastKnownFileType = sourcecode.swift; path = DogAppTests.swift; sourceTree = "<group>"; };
		251E2CDA22E3CE530096FD22 /* DogAppUITests.xctest */ = {isa = PBXFileReference; explicitFileType = wrapper.cfbundle; includeInIndex = 0; path = DogAppUITests.xctest; sourceTree = BUILT_PRODUCTS_DIR; };
		251E2CDE22E3CE530096FD22 /* DogAppUITests.swift */ = {isa = PBXFileReference; lastKnownFileType = sourcecode.swift; path = DogAppUITests.swift; sourceTree = "<group>"; };
		251E2CF322E3E41D0096FD22 /* ViewControllerHome_UITableViewDelegate.swift */ = {isa = PBXFileReference; lastKnownFileType = sourcecode.swift; path = ViewControllerHome_UITableViewDelegate.swift; sourceTree = "<group>"; };
		251E2CF722E3E67D0096FD22 /* DogViewModel.swift */ = {isa = PBXFileReference; lastKnownFileType = sourcecode.swift; path = DogViewModel.swift; sourceTree = "<group>"; };
		251E2CF922E3E6EB0096FD22 /* Converter.swift */ = {isa = PBXFileReference; lastKnownFileType = sourcecode.swift; path = Converter.swift; sourceTree = "<group>"; };
		251E2CFB22E3E6F80096FD22 /* Dog.swift */ = {isa = PBXFileReference; lastKnownFileType = sourcecode.swift; path = Dog.swift; sourceTree = "<group>"; };
		251E2CFE22E414F20096FD22 /* AppConstant.swift */ = {isa = PBXFileReference; lastKnownFileType = sourcecode.swift; path = AppConstant.swift; sourceTree = "<group>"; };
		251E2D0422E41D770096FD22 /* BaseService.swift */ = {isa = PBXFileReference; lastKnownFileType = sourcecode.swift; path = BaseService.swift; sourceTree = "<group>"; };
		251E2D0622E41DAD0096FD22 /* EndPoints.swift */ = {isa = PBXFileReference; lastKnownFileType = sourcecode.swift; path = EndPoints.swift; sourceTree = "<group>"; };
		251E2D0922E46D0D0096FD22 /* DogService.swift */ = {isa = PBXFileReference; lastKnownFileType = sourcecode.swift; path = DogService.swift; sourceTree = "<group>"; };
		251E2D0B22E46FAA0096FD22 /* BaseViewModel.swift */ = {isa = PBXFileReference; lastKnownFileType = sourcecode.swift; path = BaseViewModel.swift; sourceTree = "<group>"; };
		25424D2322E4F0E70010FBB6 /* DogCell.swift */ = {isa = PBXFileReference; lastKnownFileType = sourcecode.swift; path = DogCell.swift; sourceTree = "<group>"; };
		25424D2522E503CC0010FBB6 /* ViewControllerHome_UIScrollViewDelegate.swift */ = {isa = PBXFileReference; lastKnownFileType = sourcecode.swift; path = ViewControllerHome_UIScrollViewDelegate.swift; sourceTree = "<group>"; };
		25424D2822E5C63F0010FBB6 /* DetailViewController.swift */ = {isa = PBXFileReference; lastKnownFileType = sourcecode.swift; path = DetailViewController.swift; sourceTree = "<group>"; };
		2596B78422E4C1D100BCB7B7 /* DogApp.entitlements */ = {isa = PBXFileReference; lastKnownFileType = text.plist.entitlements; path = DogApp.entitlements; sourceTree = "<group>"; };
/* End PBXFileReference section */

/* Begin PBXFrameworksBuildPhase section */
		251E2CB822E3CE530096FD22 /* Frameworks */ = {
			isa = PBXFrameworksBuildPhase;
			buildActionMask = 2147483647;
			files = (
			);
			runOnlyForDeploymentPostprocessing = 0;
		};
		251E2CCC22E3CE530096FD22 /* Frameworks */ = {
			isa = PBXFrameworksBuildPhase;
			buildActionMask = 2147483647;
			files = (
			);
			runOnlyForDeploymentPostprocessing = 0;
		};
		251E2CD722E3CE530096FD22 /* Frameworks */ = {
			isa = PBXFrameworksBuildPhase;
			buildActionMask = 2147483647;
			files = (
			);
			runOnlyForDeploymentPostprocessing = 0;
		};
/* End PBXFrameworksBuildPhase section */

/* Begin PBXGroup section */
		2506B74B22EDC105005F536E /* result */ = {
			isa = PBXGroup;
			children = (
				2506B74C22EDC111005F536E /* ErrorResult.swift */,
				2506B74E22EDC136005F536E /* Result.swift */,
			);
			path = result;
			sourceTree = "<group>";
		};
		251E2CB222E3CE530096FD22 = {
			isa = PBXGroup;
			children = (
				251E2CBD22E3CE530096FD22 /* DogApp */,
				251E2CD222E3CE530096FD22 /* DogApp */,
				251E2CDD22E3CE530096FD22 /* DogAppUITests */,
				251E2CBC22E3CE530096FD22 /* Products */,
			);
			sourceTree = "<group>";
		};
		251E2CBC22E3CE530096FD22 /* Products */ = {
			isa = PBXGroup;
			children = (
				251E2CBB22E3CE530096FD22 /* DogApp.app */,
				251E2CCF22E3CE530096FD22 /* DogAppTests.xctest */,
				251E2CDA22E3CE530096FD22 /* DogAppUITests.xctest */,
			);
			name = Products;
			sourceTree = "<group>";
		};
		251E2CBD22E3CE530096FD22 /* DogApp */ = {
			isa = PBXGroup;
			children = (
				2596B78422E4C1D100BCB7B7 /* DogApp.entitlements */,
				251E2D0322E41C260096FD22 /* Services */,
				251E2CFD22E414D80096FD22 /* Common */,
				251E2CF222E3D92B0096FD22 /* resources */,
				251E2CF122E3D8E80096FD22 /* Controller */,
				251E2CF022E3D8CA0096FD22 /* ViewModel */,
				251E2CEF22E3D8C00096FD22 /* View */,
				251E2CEE22E3D8B90096FD22 /* Model */,
				251E2CEC22E3CE5B0096FD22 /* Supporting files */,
			);
			path = DogApp;
			sourceTree = "<group>";
		};
		251E2CD222E3CE530096FD22 /* DogApp */ = {
			isa = PBXGroup;
			children = (
				251E2CD322E3CE530096FD22 /* DogAppTests.swift */,
			);
			name = DogApp;
			path = CheckinList1Tests;
			sourceTree = "<group>";
		};
		251E2CDD22E3CE530096FD22 /* DogAppUITests */ = {
			isa = PBXGroup;
			children = (
				251E2CDE22E3CE530096FD22 /* DogAppUITests.swift */,
			);
			path = DogAppUITests;
			sourceTree = "<group>";
		};
		251E2CEC22E3CE5B0096FD22 /* Supporting files */ = {
			isa = PBXGroup;
			children = (
				251E2CBE22E3CE530096FD22 /* AppDelegate.swift */,
				251E2CCA22E3CE530096FD22 /* Info.plist */,
			);
			path = "Supporting files";
			sourceTree = "<group>";
		};
		251E2CEE22E3D8B90096FD22 /* Model */ = {
			isa = PBXGroup;
			children = (
				251E2CF922E3E6EB0096FD22 /* Converter.swift */,
				251E2CFB22E3E6F80096FD22 /* Dog.swift */,
				2506B74922EDB979005F536E /* DynamicValue.swift */,
			);
			path = Model;
			sourceTree = "<group>";
		};
		251E2CEF22E3D8C00096FD22 /* View */ = {
			isa = PBXGroup;
			children = (
				25424D2722E5C11E0010FBB6 /* Custom */,
				251E2CC722E3CE530096FD22 /* LaunchScreen.storyboard */,
				251E2CC222E3CE530096FD22 /* Main.storyboard */,
			);
			path = View;
			sourceTree = "<group>";
		};
		251E2CF022E3D8CA0096FD22 /* ViewModel */ = {
			isa = PBXGroup;
			children = (
				251E2CF722E3E67D0096FD22 /* DogViewModel.swift */,
				251E2D0B22E46FAA0096FD22 /* BaseViewModel.swift */,
				2506B74722EDB567005F536E /* DogDataSource.swift */,
			);
			path = ViewModel;
			sourceTree = "<group>";
		};
		251E2CF122E3D8E80096FD22 /* Controller */ = {
			isa = PBXGroup;
			children = (
				25424D2222E4F0D00010FBB6 /* Cell */,
				251E2CC022E3CE530096FD22 /* ViewControllerHome.swift */,
				251E2CF322E3E41D0096FD22 /* ViewControllerHome_UITableViewDelegate.swift */,
				25424D2522E503CC0010FBB6 /* ViewControllerHome_UIScrollViewDelegate.swift */,
				25424D2822E5C63F0010FBB6 /* DetailViewController.swift */,
			);
			path = Controller;
			sourceTree = "<group>";
		};
		251E2CF222E3D92B0096FD22 /* resources */ = {
			isa = PBXGroup;
			children = (
				251E2CC522E3CE530096FD22 /* Assets.xcassets */,
			);
			path = resources;
			sourceTree = "<group>";
		};
		251E2CFD22E414D80096FD22 /* Common */ = {
			isa = PBXGroup;
			children = (
				251E2CFE22E414F20096FD22 /* AppConstant.swift */,
			);
			path = Common;
			sourceTree = "<group>";
		};
		251E2D0322E41C260096FD22 /* Services */ = {
			isa = PBXGroup;
			children = (
				2506B74B22EDC105005F536E /* result */,
				251E2D0822E46CE70096FD22 /* Base */,
				251E2D0922E46D0D0096FD22 /* DogService.swift */,
			);
			path = Services;
			sourceTree = "<group>";
		};
		251E2D0822E46CE70096FD22 /* Base */ = {
			isa = PBXGroup;
			children = (
				251E2D0422E41D770096FD22 /* BaseService.swift */,
				251E2D0622E41DAD0096FD22 /* EndPoints.swift */,
			);
			path = Base;
			sourceTree = "<group>";
		};
		25424D2222E4F0D00010FBB6 /* Cell */ = {
			isa = PBXGroup;
			children = (
				25424D2322E4F0E70010FBB6 /* DogCell.swift */,
			);
			path = Cell;
			sourceTree = "<group>";
		};
		25424D2722E5C11E0010FBB6 /* Custom */ = {
			isa = PBXGroup;
			children = (
			);
			path = Custom;
			sourceTree = "<group>";
		};
/* End PBXGroup section */

/* Begin PBXNativeTarget section */
		251E2CBA22E3CE530096FD22 /* DogApp */ = {
			isa = PBXNativeTarget;
			buildConfigurationList = 251E2CE322E3CE530096FD22 /* Build configuration list for PBXNativeTarget "DogApp" */;
			buildPhases = (
				251E2CB722E3CE530096FD22 /* Sources */,
				251E2CB822E3CE530096FD22 /* Frameworks */,
				251E2CB922E3CE530096FD22 /* Resources */,
			);
			buildRules = (
			);
			dependencies = (
			);
			name = DogApp;
			productName = CheckinList1;
			productReference = 251E2CBB22E3CE530096FD22 /* DogApp.app */;
			productType = "com.apple.product-type.application";
		};
		251E2CCE22E3CE530096FD22 /* DogAppTests */ = {
			isa = PBXNativeTarget;
			buildConfigurationList = 251E2CE622E3CE530096FD22 /* Build configuration list for PBXNativeTarget "DogAppTests" */;
			buildPhases = (
				251E2CCB22E3CE530096FD22 /* Sources */,
				251E2CCC22E3CE530096FD22 /* Frameworks */,
				251E2CCD22E3CE530096FD22 /* Resources */,
			);
			buildRules = (
			);
			dependencies = (
				251E2CD122E3CE530096FD22 /* PBXTargetDependency */,
			);
			name = DogAppTests;
			productName = CheckinList1Tests;
			productReference = 251E2CCF22E3CE530096FD22 /* DogAppTests.xctest */;
			productType = "com.apple.product-type.bundle.unit-test";
		};
		251E2CD922E3CE530096FD22 /* DogAppUITests */ = {
			isa = PBXNativeTarget;
			buildConfigurationList = 251E2CE922E3CE530096FD22 /* Build configuration list for PBXNativeTarget "DogAppUITests" */;
			buildPhases = (
				251E2CD622E3CE530096FD22 /* Sources */,
				251E2CD722E3CE530096FD22 /* Frameworks */,
				251E2CD822E3CE530096FD22 /* Resources */,
			);
			buildRules = (
			);
			dependencies = (
				251E2CDC22E3CE530096FD22 /* PBXTargetDependency */,
			);
			name = DogAppUITests;
			productName = CheckinList1UITests;
			productReference = 251E2CDA22E3CE530096FD22 /* DogAppUITests.xctest */;
			productType = "com.apple.product-type.bundle.ui-testing";
		};
/* End PBXNativeTarget section */

/* Begin PBXProject section */
		251E2CB322E3CE530096FD22 /* Project object */ = {
			isa = PBXProject;
			attributes = {
				LastSwiftUpdateCheck = 1010;
				LastUpgradeCheck = 1010;
				ORGANIZATIONNAME = "Ebin Joy";
				TargetAttributes = {
					251E2CBA22E3CE530096FD22 = {
						CreatedOnToolsVersion = 10.1;
						SystemCapabilities = {
							com.apple.AccessWiFi = {
								enabled = 1;
							};
						};
					};
					251E2CCE22E3CE530096FD22 = {
						CreatedOnToolsVersion = 10.1;
						TestTargetID = 251E2CBA22E3CE530096FD22;
					};
					251E2CD922E3CE530096FD22 = {
						CreatedOnToolsVersion = 10.1;
						TestTargetID = 251E2CBA22E3CE530096FD22;
					};
				};
			};
			buildConfigurationList = 251E2CB622E3CE530096FD22 /* Build configuration list for PBXProject "DogApp" */;
			compatibilityVersion = "Xcode 9.3";
			developmentRegion = en;
			hasScannedForEncodings = 0;
			knownRegions = (
				en,
				Base,
			);
			mainGroup = 251E2CB222E3CE530096FD22;
			productRefGroup = 251E2CBC22E3CE530096FD22 /* Products */;
			projectDirPath = "";
			projectRoot = "";
			targets = (
				251E2CBA22E3CE530096FD22 /* DogApp */,
				251E2CCE22E3CE530096FD22 /* DogAppTests */,
				251E2CD922E3CE530096FD22 /* DogAppUITests */,
			);
		};
/* End PBXProject section */

/* Begin PBXResourcesBuildPhase section */
		251E2CB922E3CE530096FD22 /* Resources */ = {
			isa = PBXResourcesBuildPhase;
			buildActionMask = 2147483647;
			files = (
				251E2CC922E3CE530096FD22 /* LaunchScreen.storyboard in Resources */,
				251E2CC622E3CE530096FD22 /* Assets.xcassets in Resources */,
				251E2CC422E3CE530096FD22 /* Main.storyboard in Resources */,
			);
			runOnlyForDeploymentPostprocessing = 0;
		};
		251E2CCD22E3CE530096FD22 /* Resources */ = {
			isa = PBXResourcesBuildPhase;
			buildActionMask = 2147483647;
			files = (
			);
			runOnlyForDeploymentPostprocessing = 0;
		};
		251E2CD822E3CE530096FD22 /* Resources */ = {
			isa = PBXResourcesBuildPhase;
			buildActionMask = 2147483647;
			files = (
			);
			runOnlyForDeploymentPostprocessing = 0;
		};
/* End PBXResourcesBuildPhase section */

/* Begin PBXSourcesBuildPhase section */
		251E2CB722E3CE530096FD22 /* Sources */ = {
			isa = PBXSourcesBuildPhase;
			buildActionMask = 2147483647;
			files = (
				2506B74F22EDC136005F536E /* Result.swift in Sources */,
				25424D2422E4F0E70010FBB6 /* DogCell.swift in Sources */,
				251E2CC122E3CE530096FD22 /* ViewControllerHome.swift in Sources */,
				251E2CFC22E3E6F80096FD22 /* Dog.swift in Sources */,
				2506B74822EDB567005F536E /* DogDataSource.swift in Sources */,
				251E2CF422E3E41D0096FD22 /* ViewControllerHome_UITableViewDelegate.swift in Sources */,
				251E2CFA22E3E6EB0096FD22 /* Converter.swift in Sources */,
				251E2D0A22E46D0D0096FD22 /* DogService.swift in Sources */,
				251E2D0C22E46FAA0096FD22 /* BaseViewModel.swift in Sources */,
				251E2CF822E3E67D0096FD22 /* DogViewModel.swift in Sources */,
				25424D2622E503CC0010FBB6 /* ViewControllerHome_UIScrollViewDelegate.swift in Sources */,
				2506B74A22EDB979005F536E /* DynamicValue.swift in Sources */,
				2506B74D22EDC111005F536E /* ErrorResult.swift in Sources */,
				251E2CBF22E3CE530096FD22 /* AppDelegate.swift in Sources */,
				251E2D0722E41DAD0096FD22 /* EndPoints.swift in Sources */,
				25424D2922E5C63F0010FBB6 /* DetailViewController.swift in Sources */,
				251E2CFF22E414F20096FD22 /* AppConstant.swift in Sources */,
				251E2D0522E41D770096FD22 /* BaseService.swift in Sources */,
			);
			runOnlyForDeploymentPostprocessing = 0;
		};
		251E2CCB22E3CE530096FD22 /* Sources */ = {
			isa = PBXSourcesBuildPhase;
			buildActionMask = 2147483647;
			files = (
				251E2CD422E3CE530096FD22 /* DogAppTests.swift in Sources */,
			);
			runOnlyForDeploymentPostprocessing = 0;
		};
		251E2CD622E3CE530096FD22 /* Sources */ = {
			isa = PBXSourcesBuildPhase;
			buildActionMask = 2147483647;
			files = (
				251E2CDF22E3CE530096FD22 /* DogAppUITests.swift in Sources */,
			);
			runOnlyForDeploymentPostprocessing = 0;
		};
/* End PBXSourcesBuildPhase section */

/* Begin PBXTargetDependency section */
		251E2CD122E3CE530096FD22 /* PBXTargetDependency */ = {
			isa = PBXTargetDependency;
			target = 251E2CBA22E3CE530096FD22 /* DogApp */;
			targetProxy = 251E2CD022E3CE530096FD22 /* PBXContainerItemProxy */;
		};
		251E2CDC22E3CE530096FD22 /* PBXTargetDependency */ = {
			isa = PBXTargetDependency;
			target = 251E2CBA22E3CE530096FD22 /* DogApp */;
			targetProxy = 251E2CDB22E3CE530096FD22 /* PBXContainerItemProxy */;
		};
/* End PBXTargetDependency section */

/* Begin PBXVariantGroup section */
		251E2CC222E3CE530096FD22 /* Main.storyboard */ = {
			isa = PBXVariantGroup;
			children = (
				251E2CC322E3CE530096FD22 /* Base */,
			);
			name = Main.storyboard;
			sourceTree = "<group>";
		};
		251E2CC722E3CE530096FD22 /* LaunchScreen.storyboard */ = {
			isa = PBXVariantGroup;
			children = (
				251E2CC822E3CE530096FD22 /* Base */,
			);
			name = LaunchScreen.storyboard;
			sourceTree = "<group>";
		};
/* End PBXVariantGroup section */

/* Begin XCBuildConfiguration section */
		251E2CE122E3CE530096FD22 /* Debug */ = {
			isa = XCBuildConfiguration;
			buildSettings = {
				ALWAYS_SEARCH_USER_PATHS = NO;
				CLANG_ANALYZER_NONNULL = YES;
				CLANG_ANALYZER_NUMBER_OBJECT_CONVERSION = YES_AGGRESSIVE;
				CLANG_CXX_LANGUAGE_STANDARD = "gnu++14";
				CLANG_CXX_LIBRARY = "libc++";
				CLANG_ENABLE_MODULES = YES;
				CLANG_ENABLE_OBJC_ARC = YES;
				CLANG_ENABLE_OBJC_WEAK = YES;
				CLANG_WARN_BLOCK_CAPTURE_AUTORELEASING = YES;
				CLANG_WARN_BOOL_CONVERSION = YES;
				CLANG_WARN_COMMA = YES;
				CLANG_WARN_CONSTANT_CONVERSION = YES;
				CLANG_WARN_DEPRECATED_OBJC_IMPLEMENTATIONS = YES;
				CLANG_WARN_DIRECT_OBJC_ISA_USAGE = YES_ERROR;
				CLANG_WARN_DOCUMENTATION_COMMENTS = YES;
				CLANG_WARN_EMPTY_BODY = YES;
				CLANG_WARN_ENUM_CONVERSION = YES;
				CLANG_WARN_INFINITE_RECURSION = YES;
				CLANG_WARN_INT_CONVERSION = YES;
				CLANG_WARN_NON_LITERAL_NULL_CONVERSION = YES;
				CLANG_WARN_OBJC_IMPLICIT_RETAIN_SELF = YES;
				CLANG_WARN_OBJC_LITERAL_CONVERSION = YES;
				CLANG_WARN_OBJC_ROOT_CLASS = YES_ERROR;
				CLANG_WARN_RANGE_LOOP_ANALYSIS = YES;
				CLANG_WARN_STRICT_PROTOTYPES = YES;
				CLANG_WARN_SUSPICIOUS_MOVE = YES;
				CLANG_WARN_UNGUARDED_AVAILABILITY = YES_AGGRESSIVE;
				CLANG_WARN_UNREACHABLE_CODE = YES;
				CLANG_WARN__DUPLICATE_METHOD_MATCH = YES;
				CODE_SIGN_IDENTITY = "iPhone Developer";
				COPY_PHASE_STRIP = NO;
				DEBUG_INFORMATION_FORMAT = dwarf;
				ENABLE_STRICT_OBJC_MSGSEND = YES;
				ENABLE_TESTABILITY = YES;
				GCC_C_LANGUAGE_STANDARD = gnu11;
				GCC_DYNAMIC_NO_PIC = NO;
				GCC_NO_COMMON_BLOCKS = YES;
				GCC_OPTIMIZATION_LEVEL = 0;
				GCC_PREPROCESSOR_DEFINITIONS = (
					"DEBUG=1",
					"$(inherited)",
				);
				GCC_WARN_64_TO_32_BIT_CONVERSION = YES;
				GCC_WARN_ABOUT_RETURN_TYPE = YES_ERROR;
				GCC_WARN_UNDECLARED_SELECTOR = YES;
				GCC_WARN_UNINITIALIZED_AUTOS = YES_AGGRESSIVE;
				GCC_WARN_UNUSED_FUNCTION = YES;
				GCC_WARN_UNUSED_VARIABLE = YES;
				IPHONEOS_DEPLOYMENT_TARGET = 12.1;
				MTL_ENABLE_DEBUG_INFO = INCLUDE_SOURCE;
				MTL_FAST_MATH = YES;
				ONLY_ACTIVE_ARCH = YES;
				SDKROOT = iphoneos;
				SWIFT_ACTIVE_COMPILATION_CONDITIONS = DEBUG;
				SWIFT_OPTIMIZATION_LEVEL = "-Onone";
			};
			name = Debug;
		};
		251E2CE222E3CE530096FD22 /* Release */ = {
			isa = XCBuildConfiguration;
			buildSettings = {
				ALWAYS_SEARCH_USER_PATHS = NO;
				CLANG_ANALYZER_NONNULL = YES;
				CLANG_ANALYZER_NUMBER_OBJECT_CONVERSION = YES_AGGRESSIVE;
				CLANG_CXX_LANGUAGE_STANDARD = "gnu++14";
				CLANG_CXX_LIBRARY = "libc++";
				CLANG_ENABLE_MODULES = YES;
				CLANG_ENABLE_OBJC_ARC = YES;
				CLANG_ENABLE_OBJC_WEAK = YES;
				CLANG_WARN_BLOCK_CAPTURE_AUTORELEASING = YES;
				CLANG_WARN_BOOL_CONVERSION = YES;
				CLANG_WARN_COMMA = YES;
				CLANG_WARN_CONSTANT_CONVERSION = YES;
				CLANG_WARN_DEPRECATED_OBJC_IMPLEMENTATIONS = YES;
				CLANG_WARN_DIRECT_OBJC_ISA_USAGE = YES_ERROR;
				CLANG_WARN_DOCUMENTATION_COMMENTS = YES;
				CLANG_WARN_EMPTY_BODY = YES;
				CLANG_WARN_ENUM_CONVERSION = YES;
				CLANG_WARN_INFINITE_RECURSION = YES;
				CLANG_WARN_INT_CONVERSION = YES;
				CLANG_WARN_NON_LITERAL_NULL_CONVERSION = YES;
				CLANG_WARN_OBJC_IMPLICIT_RETAIN_SELF = YES;
				CLANG_WARN_OBJC_LITERAL_CONVERSION = YES;
				CLANG_WARN_OBJC_ROOT_CLASS = YES_ERROR;
				CLANG_WARN_RANGE_LOOP_ANALYSIS = YES;
				CLANG_WARN_STRICT_PROTOTYPES = YES;
				CLANG_WARN_SUSPICIOUS_MOVE = YES;
				CLANG_WARN_UNGUARDED_AVAILABILITY = YES_AGGRESSIVE;
				CLANG_WARN_UNREACHABLE_CODE = YES;
				CLANG_WARN__DUPLICATE_METHOD_MATCH = YES;
				CODE_SIGN_IDENTITY = "iPhone Developer";
				COPY_PHASE_STRIP = NO;
				DEBUG_INFORMATION_FORMAT = "dwarf-with-dsym";
				ENABLE_NS_ASSERTIONS = NO;
				ENABLE_STRICT_OBJC_MSGSEND = YES;
				GCC_C_LANGUAGE_STANDARD = gnu11;
				GCC_NO_COMMON_BLOCKS = YES;
				GCC_WARN_64_TO_32_BIT_CONVERSION = YES;
				GCC_WARN_ABOUT_RETURN_TYPE = YES_ERROR;
				GCC_WARN_UNDECLARED_SELECTOR = YES;
				GCC_WARN_UNINITIALIZED_AUTOS = YES_AGGRESSIVE;
				GCC_WARN_UNUSED_FUNCTION = YES;
				GCC_WARN_UNUSED_VARIABLE = YES;
				IPHONEOS_DEPLOYMENT_TARGET = 12.1;
				MTL_ENABLE_DEBUG_INFO = NO;
				MTL_FAST_MATH = YES;
				SDKROOT = iphoneos;
				SWIFT_COMPILATION_MODE = wholemodule;
				SWIFT_OPTIMIZATION_LEVEL = "-O";
				VALIDATE_PRODUCT = YES;
			};
			name = Release;
		};
		251E2CE422E3CE530096FD22 /* Debug */ = {
			isa = XCBuildConfiguration;
			buildSettings = {
				ASSETCATALOG_COMPILER_APPICON_NAME = AppIcon;
				CODE_SIGN_ENTITLEMENTS = DogApp/DogApp.entitlements;
				CODE_SIGN_STYLE = Automatic;
				DEVELOPMENT_TEAM = 5HTE388CP3;
				INFOPLIST_FILE = "$(SRCROOT)/DogApp/Supporting files/Info.plist";
				IPHONEOS_DEPLOYMENT_TARGET = 10;
				LD_RUNPATH_SEARCH_PATHS = (
					"$(inherited)",
					"@executable_path/Frameworks",
				);
				PRODUCT_BUNDLE_IDENTIFIER = com.ebinjoy.dogapp;
				PRODUCT_NAME = "$(TARGET_NAME)";
				SWIFT_VERSION = 4.2;
				TARGETED_DEVICE_FAMILY = "1,2";
			};
			name = Debug;
		};
		251E2CE522E3CE530096FD22 /* Release */ = {
			isa = XCBuildConfiguration;
			buildSettings = {
				ASSETCATALOG_COMPILER_APPICON_NAME = AppIcon;
				CODE_SIGN_ENTITLEMENTS = DogApp/DogApp.entitlements;
				CODE_SIGN_STYLE = Automatic;
				DEVELOPMENT_TEAM = 5HTE388CP3;
				INFOPLIST_FILE = "$(SRCROOT)/DogApp/Supporting files/Info.plist";
				IPHONEOS_DEPLOYMENT_TARGET = 10;
				LD_RUNPATH_SEARCH_PATHS = (
					"$(inherited)",
					"@executable_path/Frameworks",
				);
				PRODUCT_BUNDLE_IDENTIFIER = com.ebinjoy.dogapp;
				PRODUCT_NAME = "$(TARGET_NAME)";
				SWIFT_VERSION = 4.2;
				TARGETED_DEVICE_FAMILY = "1,2";
			};
			name = Release;
		};
		251E2CE722E3CE530096FD22 /* Debug */ = {
			isa = XCBuildConfiguration;
			buildSettings = {
				ALWAYS_EMBED_SWIFT_STANDARD_LIBRARIES = YES;
				BUNDLE_LOADER = "$(TEST_HOST)";
				CODE_SIGN_STYLE = Automatic;
				INFOPLIST_FILE = CheckinList1Tests/Info.plist;
				LD_RUNPATH_SEARCH_PATHS = (
					"$(inherited)",
					"@executable_path/Frameworks",
					"@loader_path/Frameworks",
				);
				PRODUCT_BUNDLE_IDENTIFIER = com.ebinjoy.checkinlist.CheckinList1Tests;
				PRODUCT_NAME = "$(TARGET_NAME)";
				SWIFT_VERSION = 4.2;
				TARGETED_DEVICE_FAMILY = "1,2";
				TEST_HOST = "$(BUILT_PRODUCTS_DIR)/DogApp.app/DogApp";
			};
			name = Debug;
		};
		251E2CE822E3CE530096FD22 /* Release */ = {
			isa = XCBuildConfiguration;
			buildSettings = {
				ALWAYS_EMBED_SWIFT_STANDARD_LIBRARIES = YES;
				BUNDLE_LOADER = "$(TEST_HOST)";
				CODE_SIGN_STYLE = Automatic;
				INFOPLIST_FILE = CheckinList1Tests/Info.plist;
				LD_RUNPATH_SEARCH_PATHS = (
					"$(inherited)",
					"@executable_path/Frameworks",
					"@loader_path/Frameworks",
				);
				PRODUCT_BUNDLE_IDENTIFIER = com.ebinjoy.checkinlist.CheckinList1Tests;
				PRODUCT_NAME = "$(TARGET_NAME)";
				SWIFT_VERSION = 4.2;
				TARGETED_DEVICE_FAMILY = "1,2";
				TEST_HOST = "$(BUILT_PRODUCTS_DIR)/DogApp.app/DogApp";
			};
			name = Release;
		};
		251E2CEA22E3CE530096FD22 /* Debug */ = {
			isa = XCBuildConfiguration;
			buildSettings = {
				ALWAYS_EMBED_SWIFT_STANDARD_LIBRARIES = YES;
				CODE_SIGN_STYLE = Automatic;
				INFOPLIST_FILE = CheckinList1UITests/Info.plist;
				LD_RUNPATH_SEARCH_PATHS = (
					"$(inherited)",
					"@executable_path/Frameworks",
					"@loader_path/Frameworks",
				);
				PRODUCT_BUNDLE_IDENTIFIER = com.ebinjoy.checkinlist.CheckinList1UITests;
				PRODUCT_NAME = "$(TARGET_NAME)";
				SWIFT_VERSION = 4.2;
				TARGETED_DEVICE_FAMILY = "1,2";
				TEST_TARGET_NAME = CheckinList1;
			};
			name = Debug;
		};
		251E2CEB22E3CE530096FD22 /* Release */ = {
			isa = XCBuildConfiguration;
			buildSettings = {
				ALWAYS_EMBED_SWIFT_STANDARD_LIBRARIES = YES;
				CODE_SIGN_STYLE = Automatic;
				INFOPLIST_FILE = CheckinList1UITests/Info.plist;
				LD_RUNPATH_SEARCH_PATHS = (
					"$(inherited)",
					"@executable_path/Frameworks",
					"@loader_path/Frameworks",
				);
				PRODUCT_BUNDLE_IDENTIFIER = com.ebinjoy.checkinlist.CheckinList1UITests;
				PRODUCT_NAME = "$(TARGET_NAME)";
				SWIFT_VERSION = 4.2;
				TARGETED_DEVICE_FAMILY = "1,2";
				TEST_TARGET_NAME = CheckinList1;
			};
			name = Release;
		};
/* End XCBuildConfiguration section */

/* Begin XCConfigurationList section */
		251E2CB622E3CE530096FD22 /* Build configuration list for PBXProject "DogApp" */ = {
			isa = XCConfigurationList;
			buildConfigurations = (
				251E2CE122E3CE530096FD22 /* Debug */,
				251E2CE222E3CE530096FD22 /* Release */,
			);
			defaultConfigurationIsVisible = 0;
			defaultConfigurationName = Release;
		};
		251E2CE322E3CE530096FD22 /* Build configuration list for PBXNativeTarget "DogApp" */ = {
			isa = XCConfigurationList;
			buildConfigurations = (
				251E2CE422E3CE530096FD22 /* Debug */,
				251E2CE522E3CE530096FD22 /* Release */,
			);
			defaultConfigurationIsVisible = 0;
			defaultConfigurationName = Release;
		};
		251E2CE622E3CE530096FD22 /* Build configuration list for PBXNativeTarget "DogAppTests" */ = {
			isa = XCConfigurationList;
			buildConfigurations = (
				251E2CE722E3CE530096FD22 /* Debug */,
				251E2CE822E3CE530096FD22 /* Release */,
			);
			defaultConfigurationIsVisible = 0;
			defaultConfigurationName = Release;
		};
		251E2CE922E3CE530096FD22 /* Build configuration list for PBXNativeTarget "DogAppUITests" */ = {
			isa = XCConfigurationList;
			buildConfigurations = (
				251E2CEA22E3CE530096FD22 /* Debug */,
				251E2CEB22E3CE530096FD22 /* Release */,
			);
			defaultConfigurationIsVisible = 0;
			defaultConfigurationName = Release;
		};
/* End XCConfigurationList section */
	};
	rootObject = 251E2CB322E3CE530096FD22 /* Project object */;
}
